
Microsoft Visual Studio Solution File, Format Version 12.00
# Visual Studio 15
Project("{FAE04EC0-301F-11D3-BF4B-00C04F79EFBC}") = "Ink-Libraries", "Ink-Libraries.csproj", "{8E4BBB28-92F2-D781-A09D-5FB343B9A113}"
EndProject
Project("{FAE04EC0-301F-11D3-BF4B-00C04F79EFBC}") = "RedBlueGames.TextTyper", "RedBlueGames.TextTyper.csproj", "{FD0FF5EF-7B93-1F06-8E44-3F44070AE66E}"
EndProject
Project("{FAE04EC0-301F-11D3-BF4B-00C04F79EFBC}") = "Assembly-CSharp", "Assembly-CSharp.csproj", "{A097660D-A077-F2D3-818B-8A3E88A96136}"
EndProject
Project("{FAE04EC0-301F-11D3-BF4B-00C04F79EFBC}") = "RedBlueGames.TextTyper.Tests.Editor", "RedBlueGames.TextTyper.Tests.Editor.csproj", "{25575915-5300-A821-7EF1-04919E154D38}"
EndProject
Project("{FAE04EC0-301F-11D3-BF4B-00C04F79EFBC}") = "InkEditor", "InkEditor.csproj", "{E21C06DB-DE52-256E-97CD-634FFEECA76B}"
EndProject
Project("{FAE04EC0-301F-11D3-BF4B-00C04F79EFBC}") = "Assembly-CSharp-Editor", "Assembly-CSharp-Editor.csproj", "{CE29307A-D223-0D3C-006A-CC1F54FB2C92}"
EndProject
Project("{FAE04EC0-301F-11D3-BF4B-00C04F79EFBC}") = "Assembly-CSharp-Editor-firstpass", "Assembly-CSharp-Editor-firstpass.csproj", "{63790022-FEF5-6BCA-BF5D-39B2EB78E885}"
EndProject
Global
	GlobalSection(SolutionConfigurationPlatforms) = preSolution
		Debug|Any CPU = Debug|Any CPU
		Release|Any CPU = Release|Any CPU
	EndGlobalSection
	GlobalSection(ProjectConfigurationPlatforms) = postSolution
		{8E4BBB28-92F2-D781-A09D-5FB343B9A113}.Debug|Any CPU.ActiveCfg = Debug|Any CPU
		{8E4BBB28-92F2-D781-A09D-5FB343B9A113}.Debug|Any CPU.Build.0 = Debug|Any CPU
		{8E4BBB28-92F2-D781-A09D-5FB343B9A113}.Release|Any CPU.ActiveCfg = Release|Any CPU
		{8E4BBB28-92F2-D781-A09D-5FB343B9A113}.Release|Any CPU.Build.0 = Release|Any CPU
		{FD0FF5EF-7B93-1F06-8E44-3F44070AE66E}.Debug|Any CPU.ActiveCfg = Debug|Any CPU
		{FD0FF5EF-7B93-1F06-8E44-3F44070AE66E}.Debug|Any CPU.Build.0 = Debug|Any CPU
		{FD0FF5EF-7B93-1F06-8E44-3F44070AE66E}.Release|Any CPU.ActiveCfg = Release|Any CPU
		{FD0FF5EF-7B93-1F06-8E44-3F44070AE66E}.Release|Any CPU.Build.0 = Release|Any CPU
		{A097660D-A077-F2D3-818B-8A3E88A96136}.Debug|Any CPU.ActiveCfg = Debug|Any CPU
		{A097660D-A077-F2D3-818B-8A3E88A96136}.Debug|Any CPU.Build.0 = Debug|Any CPU
		{A097660D-A077-F2D3-818B-8A3E88A96136}.Release|Any CPU.ActiveCfg = Release|Any CPU
		{A097660D-A077-F2D3-818B-8A3E88A96136}.Release|Any CPU.Build.0 = Release|Any CPU
		{25575915-5300-A821-7EF1-04919E154D38}.Debug|Any CPU.ActiveCfg = Debug|Any CPU
		{25575915-5300-A821-7EF1-04919E154D38}.Debug|Any CPU.Build.0 = Debug|Any CPU
		{25575915-5300-A821-7EF1-04919E154D38}.Release|Any CPU.ActiveCfg = Release|Any CPU
		{25575915-5300-A821-7EF1-04919E154D38}.Release|Any CPU.Build.0 = Release|Any CPU
		{E21C06DB-DE52-256E-97CD-634FFEECA76B}.Debug|Any CPU.ActiveCfg = Debug|Any CPU
		{E21C06DB-DE52-256E-97CD-634FFEECA76B}.Debug|Any CPU.Build.0 = Debug|Any CPU
		{E21C06DB-DE52-256E-97CD-634FFEECA76B}.Release|Any CPU.ActiveCfg = Release|Any CPU
		{E21C06DB-DE52-256E-97CD-634FFEECA76B}.Release|Any CPU.Build.0 = Release|Any CPU
		{CE29307A-D223-0D3C-006A-CC1F54FB2C92}.Debug|Any CPU.ActiveCfg = Debug|Any CPU
		{CE29307A-D223-0D3C-006A-CC1F54FB2C92}.Debug|Any CPU.Build.0 = Debug|Any CPU
		{CE29307A-D223-0D3C-006A-CC1F54FB2C92}.Release|Any CPU.ActiveCfg = Release|Any CPU
		{CE29307A-D223-0D3C-006A-CC1F54FB2C92}.Release|Any CPU.Build.0 = Release|Any CPU
		{63790022-FEF5-6BCA-BF5D-39B2EB78E885}.Debug|Any CPU.ActiveCfg = Debug|Any CPU
		{63790022-FEF5-6BCA-BF5D-39B2EB78E885}.Debug|Any CPU.Build.0 = Debug|Any CPU
		{63790022-FEF5-6BCA-BF5D-39B2EB78E885}.Release|Any CPU.ActiveCfg = Release|Any CPU
		{63790022-FEF5-6BCA-BF5D-39B2EB78E885}.Release|Any CPU.Build.0 = Release|Any CPU
	EndGlobalSection
	GlobalSection(SolutionProperties) = preSolution
		HideSolutionNode = FALSE
	EndGlobalSection
EndGlobal
